// !$*UTF8*$!
{
	archiveVersion = 1;
	classes = {
	};
	objectVersion = 55;
	objects = {

/* Begin PBXBuildFile section */
		36C15DD529C404C300F5C85D /* AppDelegate.swift in Sources */ = {isa = PBXBuildFile; fileRef = 36C15DD429C404C300F5C85D /* AppDelegate.swift */; };
		36C15DD729C404C300F5C85D /* SceneDelegate.swift in Sources */ = {isa = PBXBuildFile; fileRef = 36C15DD629C404C300F5C85D /* SceneDelegate.swift */; };
		36C15DD929C404C300F5C85D /* ListPokemonViewController.swift in Sources */ = {isa = PBXBuildFile; fileRef = 36C15DD829C404C300F5C85D /* ListPokemonViewController.swift */; };
		36C15DDC29C404C300F5C85D /* Main.storyboard in Resources */ = {isa = PBXBuildFile; fileRef = 36C15DDA29C404C300F5C85D /* Main.storyboard */; };
		36C15DDE29C404C500F5C85D /* Assets.xcassets in Resources */ = {isa = PBXBuildFile; fileRef = 36C15DDD29C404C500F5C85D /* Assets.xcassets */; };
		36C15DE129C404C500F5C85D /* LaunchScreen.storyboard in Resources */ = {isa = PBXBuildFile; fileRef = 36C15DDF29C404C500F5C85D /* LaunchScreen.storyboard */; };
		36C15DEF29C4056000F5C85D /* PokemonModel.swift in Sources */ = {isa = PBXBuildFile; fileRef = 36C15DEE29C4056000F5C85D /* PokemonModel.swift */; };
		36C15DF129C405C700F5C85D /* ApiService.swift in Sources */ = {isa = PBXBuildFile; fileRef = 36C15DF029C405C700F5C85D /* ApiService.swift */; };
		36C15DF429C4064600F5C85D /* ListPokemonCollectionViewCell.swift in Sources */ = {isa = PBXBuildFile; fileRef = 36C15DF229C4064600F5C85D /* ListPokemonCollectionViewCell.swift */; };
		36C15DF529C4064600F5C85D /* ListPokemonCollectionViewCell.xib in Resources */ = {isa = PBXBuildFile; fileRef = 36C15DF329C4064600F5C85D /* ListPokemonCollectionViewCell.xib */; };
		36C15DF729C4067600F5C85D /* ListPokemonViewModel.swift in Sources */ = {isa = PBXBuildFile; fileRef = 36C15DF629C4067600F5C85D /* ListPokemonViewModel.swift */; };
		36C15DFA29C4196B00F5C85D /* DetailPokeModel.swift in Sources */ = {isa = PBXBuildFile; fileRef = 36C15DF929C4196B00F5C85D /* DetailPokeModel.swift */; };
		36C15DFD29C424C000F5C85D /* SDWebImage in Frameworks */ = {isa = PBXBuildFile; productRef = 36C15DFC29C424C000F5C85D /* SDWebImage */; };
		36C15E0229C44F9400F5C85D /* DetailPokemonViewController.swift in Sources */ = {isa = PBXBuildFile; fileRef = 36C15E0129C44F9400F5C85D /* DetailPokemonViewController.swift */; };
		36C15E0429C44FAC00F5C85D /* DetailPokemonViewModel.swift in Sources */ = {isa = PBXBuildFile; fileRef = 36C15E0329C44FAC00F5C85D /* DetailPokemonViewModel.swift */; };
		36C15E0729C4500900F5C85D /* TopDetailTableViewCell.swift in Sources */ = {isa = PBXBuildFile; fileRef = 36C15E0529C4500900F5C85D /* TopDetailTableViewCell.swift */; };
		36C15E0829C4500900F5C85D /* TopDetailTableViewCell.xib in Resources */ = {isa = PBXBuildFile; fileRef = 36C15E0629C4500900F5C85D /* TopDetailTableViewCell.xib */; };
		36C15E0B29C4502700F5C85D /* MovesTableViewCell.swift in Sources */ = {isa = PBXBuildFile; fileRef = 36C15E0929C4502700F5C85D /* MovesTableViewCell.swift */; };
		36C15E0C29C4502700F5C85D /* MovesTableViewCell.xib in Resources */ = {isa = PBXBuildFile; fileRef = 36C15E0A29C4502700F5C85D /* MovesTableViewCell.xib */; };
		36E239BB29C855610043EF46 /* UIViewExtension.swift in Sources */ = {isa = PBXBuildFile; fileRef = 36E239BA29C855610043EF46 /* UIViewExtension.swift */; };
/* End PBXBuildFile section */

/* Begin PBXFileReference section */
		36C15DD129C404C300F5C85D /* Pokeapi-MVVM.app */ = {isa = PBXFileReference; explicitFileType = wrapper.application; includeInIndex = 0; path = "Pokeapi-MVVM.app"; sourceTree = BUILT_PRODUCTS_DIR; };
		36C15DD429C404C300F5C85D /* AppDelegate.swift */ = {isa = PBXFileReference; lastKnownFileType = sourcecode.swift; path = AppDelegate.swift; sourceTree = "<group>"; };
		36C15DD629C404C300F5C85D /* SceneDelegate.swift */ = {isa = PBXFileReference; lastKnownFileType = sourcecode.swift; path = SceneDelegate.swift; sourceTree = "<group>"; };
		36C15DD829C404C300F5C85D /* ListPokemonViewController.swift */ = {isa = PBXFileReference; lastKnownFileType = sourcecode.swift; path = ListPokemonViewController.swift; sourceTree = "<group>"; };
		36C15DDB29C404C300F5C85D /* Base */ = {isa = PBXFileReference; lastKnownFileType = file.storyboard; name = Base; path = Base.lproj/Main.storyboard; sourceTree = "<group>"; };
		36C15DDD29C404C500F5C85D /* Assets.xcassets */ = {isa = PBXFileReference; lastKnownFileType = folder.assetcatalog; path = Assets.xcassets; sourceTree = "<group>"; };
		36C15DE029C404C500F5C85D /* Base */ = {isa = PBXFileReference; lastKnownFileType = file.storyboard; name = Base; path = Base.lproj/LaunchScreen.storyboard; sourceTree = "<group>"; };
		36C15DE229C404C500F5C85D /* Info.plist */ = {isa = PBXFileReference; lastKnownFileType = text.plist.xml; path = Info.plist; sourceTree = "<group>"; };
		36C15DEE29C4056000F5C85D /* PokemonModel.swift */ = {isa = PBXFileReference; lastKnownFileType = sourcecode.swift; path = PokemonModel.swift; sourceTree = "<group>"; };
		36C15DF029C405C700F5C85D /* ApiService.swift */ = {isa = PBXFileReference; lastKnownFileType = sourcecode.swift; path = ApiService.swift; sourceTree = "<group>"; };
		36C15DF229C4064600F5C85D /* ListPokemonCollectionViewCell.swift */ = {isa = PBXFileReference; lastKnownFileType = sourcecode.swift; path = ListPokemonCollectionViewCell.swift; sourceTree = "<group>"; };
		36C15DF329C4064600F5C85D /* ListPokemonCollectionViewCell.xib */ = {isa = PBXFileReference; lastKnownFileType = file.xib; path = ListPokemonCollectionViewCell.xib; sourceTree = "<group>"; };
		36C15DF629C4067600F5C85D /* ListPokemonViewModel.swift */ = {isa = PBXFileReference; lastKnownFileType = sourcecode.swift; path = ListPokemonViewModel.swift; sourceTree = "<group>"; };
		36C15DF929C4196B00F5C85D /* DetailPokeModel.swift */ = {isa = PBXFileReference; lastKnownFileType = sourcecode.swift; path = DetailPokeModel.swift; sourceTree = "<group>"; };
		36C15E0129C44F9400F5C85D /* DetailPokemonViewController.swift */ = {isa = PBXFileReference; lastKnownFileType = sourcecode.swift; path = DetailPokemonViewController.swift; sourceTree = "<group>"; };
		36C15E0329C44FAC00F5C85D /* DetailPokemonViewModel.swift */ = {isa = PBXFileReference; lastKnownFileType = sourcecode.swift; path = DetailPokemonViewModel.swift; sourceTree = "<group>"; };
		36C15E0529C4500900F5C85D /* TopDetailTableViewCell.swift */ = {isa = PBXFileReference; lastKnownFileType = sourcecode.swift; path = TopDetailTableViewCell.swift; sourceTree = "<group>"; };
		36C15E0629C4500900F5C85D /* TopDetailTableViewCell.xib */ = {isa = PBXFileReference; lastKnownFileType = file.xib; path = TopDetailTableViewCell.xib; sourceTree = "<group>"; };
		36C15E0929C4502700F5C85D /* MovesTableViewCell.swift */ = {isa = PBXFileReference; lastKnownFileType = sourcecode.swift; path = MovesTableViewCell.swift; sourceTree = "<group>"; };
		36C15E0A29C4502700F5C85D /* MovesTableViewCell.xib */ = {isa = PBXFileReference; lastKnownFileType = file.xib; path = MovesTableViewCell.xib; sourceTree = "<group>"; };
		36E239BA29C855610043EF46 /* UIViewExtension.swift */ = {isa = PBXFileReference; lastKnownFileType = sourcecode.swift; name = UIViewExtension.swift; path = ../../../../../UIViewExtension.swift; sourceTree = "<group>"; };
/* End PBXFileReference section */

/* Begin PBXFrameworksBuildPhase section */
		36C15DCE29C404C300F5C85D /* Frameworks */ = {
			isa = PBXFrameworksBuildPhase;
			buildActionMask = 2147483647;
			files = (
				36C15DFD29C424C000F5C85D /* SDWebImage in Frameworks */,
			);
			runOnlyForDeploymentPostprocessing = 0;
		};
/* End PBXFrameworksBuildPhase section */

/* Begin PBXGroup section */
		369FC0FA29C7F8B200F43A85 /* Storyboard */ = {
			isa = PBXGroup;
			children = (
				36C15DDF29C404C500F5C85D /* LaunchScreen.storyboard */,
				36C15DDA29C404C300F5C85D /* Main.storyboard */,
			);
			path = Storyboard;
			sourceTree = "<group>";
		};
		369FC0FB29C7F8C100F43A85 /* Assets */ = {
			isa = PBXGroup;
			children = (
				36C15DDD29C404C500F5C85D /* Assets.xcassets */,
			);
			path = Assets;
			sourceTree = "<group>";
		};
		369FC0FC29C7F8D500F43A85 /* MainDelegate */ = {
			isa = PBXGroup;
			children = (
				36C15DD429C404C300F5C85D /* AppDelegate.swift */,
				36C15DD629C404C300F5C85D /* SceneDelegate.swift */,
			);
			path = MainDelegate;
			sourceTree = "<group>";
		};
		36C15DC829C404C300F5C85D = {
			isa = PBXGroup;
			children = (
				36C15DD329C404C300F5C85D /* Pokeapi-MVVM */,
				36C15DD229C404C300F5C85D /* Products */,
			);
			sourceTree = "<group>";
		};
		36C15DD229C404C300F5C85D /* Products */ = {
			isa = PBXGroup;
			children = (
				36C15DD129C404C300F5C85D /* Pokeapi-MVVM.app */,
			);
			name = Products;
			sourceTree = "<group>";
		};
		36C15DD329C404C300F5C85D /* Pokeapi-MVVM */ = {
			isa = PBXGroup;
			children = (
				36E239B929C855450043EF46 /* Extension */,
				369FC0FC29C7F8D500F43A85 /* MainDelegate */,
				369FC0FB29C7F8C100F43A85 /* Assets */,
				369FC0FA29C7F8B200F43A85 /* Storyboard */,
				36C15DE929C4050600F5C85D /* Networking */,
				36C15DE829C404F400F5C85D /* Module */,
				36C15DE229C404C500F5C85D /* Info.plist */,
			);
			path = "Pokeapi-MVVM";
			sourceTree = "<group>";
		};
		36C15DE829C404F400F5C85D /* Module */ = {
			isa = PBXGroup;
			children = (
				36C15DF829C4195400F5C85D /* Detail Pokemon */,
				36C15DEA29C4051B00F5C85D /* List Pokemon */,
			);
			path = Module;
			sourceTree = "<group>";
		};
		36C15DE929C4050600F5C85D /* Networking */ = {
			isa = PBXGroup;
			children = (
				36C15DF029C405C700F5C85D /* ApiService.swift */,
			);
			path = Networking;
			sourceTree = "<group>";
		};
		36C15DEA29C4051B00F5C85D /* List Pokemon */ = {
			isa = PBXGroup;
			children = (
				36C15DED29C4053C00F5C85D /* Model */,
				36C15DEC29C4053000F5C85D /* View Model */,
				36C15DEB29C4052900F5C85D /* View */,
			);
			path = "List Pokemon";
			sourceTree = "<group>";
		};
		36C15DEB29C4052900F5C85D /* View */ = {
			isa = PBXGroup;
			children = (
				36C15DD829C404C300F5C85D /* ListPokemonViewController.swift */,
				36C15DF229C4064600F5C85D /* ListPokemonCollectionViewCell.swift */,
				36C15DF329C4064600F5C85D /* ListPokemonCollectionViewCell.xib */,
			);
			path = View;
			sourceTree = "<group>";
		};
		36C15DEC29C4053000F5C85D /* View Model */ = {
			isa = PBXGroup;
			children = (
				36C15DF629C4067600F5C85D /* ListPokemonViewModel.swift */,
			);
			path = "View Model";
			sourceTree = "<group>";
		};
		36C15DED29C4053C00F5C85D /* Model */ = {
			isa = PBXGroup;
			children = (
				36C15DEE29C4056000F5C85D /* PokemonModel.swift */,
			);
			path = Model;
			sourceTree = "<group>";
		};
		36C15DF829C4195400F5C85D /* Detail Pokemon */ = {
			isa = PBXGroup;
			children = (
				36C15E0029C44F6400F5C85D /* View Model */,
				36C15DFF29C44F5B00F5C85D /* View */,
				36C15DFE29C44F4B00F5C85D /* Model */,
			);
			path = "Detail Pokemon";
			sourceTree = "<group>";
		};
		36C15DFE29C44F4B00F5C85D /* Model */ = {
			isa = PBXGroup;
			children = (
				36C15DF929C4196B00F5C85D /* DetailPokeModel.swift */,
			);
			path = Model;
			sourceTree = "<group>";
		};
		36C15DFF29C44F5B00F5C85D /* View */ = {
			isa = PBXGroup;
			children = (
				36C15E0129C44F9400F5C85D /* DetailPokemonViewController.swift */,
				36C15E0529C4500900F5C85D /* TopDetailTableViewCell.swift */,
				36C15E0629C4500900F5C85D /* TopDetailTableViewCell.xib */,
				36C15E0929C4502700F5C85D /* MovesTableViewCell.swift */,
				36C15E0A29C4502700F5C85D /* MovesTableViewCell.xib */,
			);
			path = View;
			sourceTree = "<group>";
		};
		36C15E0029C44F6400F5C85D /* View Model */ = {
			isa = PBXGroup;
			children = (
				36C15E0329C44FAC00F5C85D /* DetailPokemonViewModel.swift */,
			);
			path = "View Model";
			sourceTree = "<group>";
		};
		36E239B929C855450043EF46 /* Extension */ = {
			isa = PBXGroup;
			children = (
				36E239BA29C855610043EF46 /* UIViewExtension.swift */,
			);
			path = Extension;
			sourceTree = "<group>";
		};
/* End PBXGroup section */

/* Begin PBXNativeTarget section */
		36C15DD029C404C300F5C85D /* Pokeapi-MVVM */ = {
			isa = PBXNativeTarget;
			buildConfigurationList = 36C15DE529C404C500F5C85D /* Build configuration list for PBXNativeTarget "Pokeapi-MVVM" */;
			buildPhases = (
				36C15DCD29C404C300F5C85D /* Sources */,
				36C15DCE29C404C300F5C85D /* Frameworks */,
				36C15DCF29C404C300F5C85D /* Resources */,
			);
			buildRules = (
			);
			dependencies = (
			);
			name = "Pokeapi-MVVM";
			packageProductDependencies = (
				36C15DFC29C424C000F5C85D /* SDWebImage */,
			);
			productName = "Pokeapi-MVVM";
			productReference = 36C15DD129C404C300F5C85D /* Pokeapi-MVVM.app */;
			productType = "com.apple.product-type.application";
		};
/* End PBXNativeTarget section */

/* Begin PBXProject section */
		36C15DC929C404C300F5C85D /* Project object */ = {
			isa = PBXProject;
			attributes = {
				BuildIndependentTargetsInParallel = 1;
				LastSwiftUpdateCheck = 1340;
				LastUpgradeCheck = 1340;
				TargetAttributes = {
					36C15DD029C404C300F5C85D = {
						CreatedOnToolsVersion = 13.4.1;
					};
				};
			};
			buildConfigurationList = 36C15DCC29C404C300F5C85D /* Build configuration list for PBXProject "Pokeapi-MVVM" */;
			compatibilityVersion = "Xcode 13.0";
			developmentRegion = en;
			hasScannedForEncodings = 0;
			knownRegions = (
				en,
				Base,
			);
			mainGroup = 36C15DC829C404C300F5C85D;
			packageReferences = (
				36C15DFB29C424C000F5C85D /* XCRemoteSwiftPackageReference "SDWebImage" */,
			);
			productRefGroup = 36C15DD229C404C300F5C85D /* Products */;
			projectDirPath = "";
			projectRoot = "";
			targets = (
				36C15DD029C404C300F5C85D /* Pokeapi-MVVM */,
			);
		};
/* End PBXProject section */

/* Begin PBXResourcesBuildPhase section */
		36C15DCF29C404C300F5C85D /* Resources */ = {
			isa = PBXResourcesBuildPhase;
			buildActionMask = 2147483647;
			files = (
				36C15DE129C404C500F5C85D /* LaunchScreen.storyboard in Resources */,
				36C15DDE29C404C500F5C85D /* Assets.xcassets in Resources */,
				36C15DF529C4064600F5C85D /* ListPokemonCollectionViewCell.xib in Resources */,
				36C15DDC29C404C300F5C85D /* Main.storyboard in Resources */,
				36C15E0C29C4502700F5C85D /* MovesTableViewCell.xib in Resources */,
				36C15E0829C4500900F5C85D /* TopDetailTableViewCell.xib in Resources */,
			);
			runOnlyForDeploymentPostprocessing = 0;
		};
/* End PBXResourcesBuildPhase section */

/* Begin PBXSourcesBuildPhase section */
		36C15DCD29C404C300F5C85D /* Sources */ = {
			isa = PBXSourcesBuildPhase;
			buildActionMask = 2147483647;
			files = (
				36C15DF729C4067600F5C85D /* ListPokemonViewModel.swift in Sources */,
				36C15DF429C4064600F5C85D /* ListPokemonCollectionViewCell.swift in Sources */,
				36C15DD929C404C300F5C85D /* ListPokemonViewController.swift in Sources */,
				36C15E0729C4500900F5C85D /* TopDetailTableViewCell.swift in Sources */,
				36C15DFA29C4196B00F5C85D /* DetailPokeModel.swift in Sources */,
				36C15E0229C44F9400F5C85D /* DetailPokemonViewController.swift in Sources */,
				36C15DF129C405C700F5C85D /* ApiService.swift in Sources */,
				36C15DD529C404C300F5C85D /* AppDelegate.swift in Sources */,
				36C15E0B29C4502700F5C85D /* MovesTableViewCell.swift in Sources */,
				36E239BB29C855610043EF46 /* UIViewExtension.swift in Sources */,
				36C15DD729C404C300F5C85D /* SceneDelegate.swift in Sources */,
				36C15DEF29C4056000F5C85D /* PokemonModel.swift in Sources */,
				36C15E0429C44FAC00F5C85D /* DetailPokemonViewModel.swift in Sources */,
			);
			runOnlyForDeploymentPostprocessing = 0;
		};
/* End PBXSourcesBuildPhase section */

/* Begin PBXVariantGroup section */
		36C15DDA29C404C300F5C85D /* Main.storyboard */ = {
			isa = PBXVariantGroup;
			children = (
				36C15DDB29C404C300F5C85D /* Base */,
			);
			name = Main.storyboard;
			sourceTree = "<group>";
		};
		36C15DDF29C404C500F5C85D /* LaunchScreen.storyboard */ = {
			isa = PBXVariantGroup;
			children = (
				36C15DE029C404C500F5C85D /* Base */,
			);
			name = LaunchScreen.storyboard;
			sourceTree = "<group>";
		};
/* End PBXVariantGroup section */

/* Begin XCBuildConfiguration section */
		36C15DE329C404C500F5C85D /* Debug */ = {
			isa = XCBuildConfiguration;
			buildSettings = {
				ALWAYS_SEARCH_USER_PATHS = NO;
				CLANG_ANALYZER_NONNULL = YES;
				CLANG_ANALYZER_NUMBER_OBJECT_CONVERSION = YES_AGGRESSIVE;
				CLANG_CXX_LANGUAGE_STANDARD = "gnu++17";
				CLANG_ENABLE_MODULES = YES;
				CLANG_ENABLE_OBJC_ARC = YES;
				CLANG_ENABLE_OBJC_WEAK = YES;
				CLANG_WARN_BLOCK_CAPTURE_AUTORELEASING = YES;
				CLANG_WARN_BOOL_CONVERSION = YES;
				CLANG_WARN_COMMA = YES;
				CLANG_WARN_CONSTANT_CONVERSION = YES;
				CLANG_WARN_DEPRECATED_OBJC_IMPLEMENTATIONS = YES;
				CLANG_WARN_DIRECT_OBJC_ISA_USAGE = YES_ERROR;
				CLANG_WARN_DOCUMENTATION_COMMENTS = YES;
				CLANG_WARN_EMPTY_BODY = YES;
				CLANG_WARN_ENUM_CONVERSION = YES;
				CLANG_WARN_INFINITE_RECURSION = YES;
				CLANG_WARN_INT_CONVERSION = YES;
				CLANG_WARN_NON_LITERAL_NULL_CONVERSION = YES;
				CLANG_WARN_OBJC_IMPLICIT_RETAIN_SELF = YES;
				CLANG_WARN_OBJC_LITERAL_CONVERSION = YES;
				CLANG_WARN_OBJC_ROOT_CLASS = YES_ERROR;
				CLANG_WARN_QUOTED_INCLUDE_IN_FRAMEWORK_HEADER = YES;
				CLANG_WARN_RANGE_LOOP_ANALYSIS = YES;
				CLANG_WARN_STRICT_PROTOTYPES = YES;
				CLANG_WARN_SUSPICIOUS_MOVE = YES;
				CLANG_WARN_UNGUARDED_AVAILABILITY = YES_AGGRESSIVE;
				CLANG_WARN_UNREACHABLE_CODE = YES;
				CLANG_WARN__DUPLICATE_METHOD_MATCH = YES;
				COPY_PHASE_STRIP = NO;
				DEBUG_INFORMATION_FORMAT = dwarf;
				ENABLE_STRICT_OBJC_MSGSEND = YES;
				ENABLE_TESTABILITY = YES;
				GCC_C_LANGUAGE_STANDARD = gnu11;
				GCC_DYNAMIC_NO_PIC = NO;
				GCC_NO_COMMON_BLOCKS = YES;
				GCC_OPTIMIZATION_LEVEL = 0;
				GCC_PREPROCESSOR_DEFINITIONS = (
					"DEBUG=1",
					"$(inherited)",
				);
				GCC_WARN_64_TO_32_BIT_CONVERSION = YES;
				GCC_WARN_ABOUT_RETURN_TYPE = YES_ERROR;
				GCC_WARN_UNDECLARED_SELECTOR = YES;
				GCC_WARN_UNINITIALIZED_AUTOS = YES_AGGRESSIVE;
				GCC_WARN_UNUSED_FUNCTION = YES;
				GCC_WARN_UNUSED_VARIABLE = YES;
				IPHONEOS_DEPLOYMENT_TARGET = 15.5;
				MTL_ENABLE_DEBUG_INFO = INCLUDE_SOURCE;
				MTL_FAST_MATH = YES;
				ONLY_ACTIVE_ARCH = YES;
				SDKROOT = iphoneos;
				SWIFT_ACTIVE_COMPILATION_CONDITIONS = DEBUG;
				SWIFT_OPTIMIZATION_LEVEL = "-Onone";
			};
			name = Debug;
		};
		36C15DE429C404C500F5C85D /* Release */ = {
			isa = XCBuildConfiguration;
			buildSettings = {
				ALWAYS_SEARCH_USER_PATHS = NO;
				CLANG_ANALYZER_NONNULL = YES;
				CLANG_ANALYZER_NUMBER_OBJECT_CONVERSION = YES_AGGRESSIVE;
				CLANG_CXX_LANGUAGE_STANDARD = "gnu++17";
				CLANG_ENABLE_MODULES = YES;
				CLANG_ENABLE_OBJC_ARC = YES;
				CLANG_ENABLE_OBJC_WEAK = YES;
				CLANG_WARN_BLOCK_CAPTURE_AUTORELEASING = YES;
				CLANG_WARN_BOOL_CONVERSION = YES;
				CLANG_WARN_COMMA = YES;
				CLANG_WARN_CONSTANT_CONVERSION = YES;
				CLANG_WARN_DEPRECATED_OBJC_IMPLEMENTATIONS = YES;
				CLANG_WARN_DIRECT_OBJC_ISA_USAGE = YES_ERROR;
				CLANG_WARN_DOCUMENTATION_COMMENTS = YES;
				CLANG_WARN_EMPTY_BODY = YES;
				CLANG_WARN_ENUM_CONVERSION = YES;
				CLANG_WARN_INFINITE_RECURSION = YES;
				CLANG_WARN_INT_CONVERSION = YES;
				CLANG_WARN_NON_LITERAL_NULL_CONVERSION = YES;
				CLANG_WARN_OBJC_IMPLICIT_RETAIN_SELF = YES;
				CLANG_WARN_OBJC_LITERAL_CONVERSION = YES;
				CLANG_WARN_OBJC_ROOT_CLASS = YES_ERROR;
				CLANG_WARN_QUOTED_INCLUDE_IN_FRAMEWORK_HEADER = YES;
				CLANG_WARN_RANGE_LOOP_ANALYSIS = YES;
				CLANG_WARN_STRICT_PROTOTYPES = YES;
				CLANG_WARN_SUSPICIOUS_MOVE = YES;
				CLANG_WARN_UNGUARDED_AVAILABILITY = YES_AGGRESSIVE;
				CLANG_WARN_UNREACHABLE_CODE = YES;
				CLANG_WARN__DUPLICATE_METHOD_MATCH = YES;
				COPY_PHASE_STRIP = NO;
				DEBUG_INFORMATION_FORMAT = "dwarf-with-dsym";
				ENABLE_NS_ASSERTIONS = NO;
				ENABLE_STRICT_OBJC_MSGSEND = YES;
				GCC_C_LANGUAGE_STANDARD = gnu11;
				GCC_NO_COMMON_BLOCKS = YES;
				GCC_WARN_64_TO_32_BIT_CONVERSION = YES;
				GCC_WARN_ABOUT_RETURN_TYPE = YES_ERROR;
				GCC_WARN_UNDECLARED_SELECTOR = YES;
				GCC_WARN_UNINITIALIZED_AUTOS = YES_AGGRESSIVE;
				GCC_WARN_UNUSED_FUNCTION = YES;
				GCC_WARN_UNUSED_VARIABLE = YES;
				IPHONEOS_DEPLOYMENT_TARGET = 15.5;
				MTL_ENABLE_DEBUG_INFO = NO;
				MTL_FAST_MATH = YES;
				SDKROOT = iphoneos;
				SWIFT_COMPILATION_MODE = wholemodule;
				SWIFT_OPTIMIZATION_LEVEL = "-O";
				VALIDATE_PRODUCT = YES;
			};
			name = Release;
		};
		36C15DE629C404C500F5C85D /* Debug */ = {
			isa = XCBuildConfiguration;
			buildSettings = {
				ASSETCATALOG_COMPILER_APPICON_NAME = AppIcon;
				ASSETCATALOG_COMPILER_GLOBAL_ACCENT_COLOR_NAME = AccentColor;
				CODE_SIGN_STYLE = Automatic;
				CURRENT_PROJECT_VERSION = 1;
				GENERATE_INFOPLIST_FILE = YES;
				INFOPLIST_FILE = "Pokeapi-MVVM/Info.plist";
				INFOPLIST_KEY_UIApplicationSupportsIndirectInputEvents = YES;
				INFOPLIST_KEY_UILaunchStoryboardName = LaunchScreen;
				INFOPLIST_KEY_UIMainStoryboardFile = Main;
				INFOPLIST_KEY_UISupportedInterfaceOrientations_iPad = "UIInterfaceOrientationPortrait UIInterfaceOrientationPortraitUpsideDown UIInterfaceOrientationLandscapeLeft UIInterfaceOrientationLandscapeRight";
				INFOPLIST_KEY_UISupportedInterfaceOrientations_iPhone = "UIInterfaceOrientationPortrait UIInterfaceOrientationLandscapeLeft UIInterfaceOrientationLandscapeRight";
				LD_RUNPATH_SEARCH_PATHS = (
					"$(inherited)",
					"@executable_path/Frameworks",
				);
				MARKETING_VERSION = 1.0;
				PRODUCT_BUNDLE_IDENTIFIER = "plearn.Pokeapi-MVVM";
				PRODUCT_NAME = "$(TARGET_NAME)";
				SWIFT_EMIT_LOC_STRINGS = YES;
				SWIFT_VERSION = 5.0;
				TARGETED_DEVICE_FAMILY = "1,2";
			};
			name = Debug;
		};
		36C15DE729C404C500F5C85D /* Release */ = {
			isa = XCBuildConfiguration;
			buildSettings = {
				ASSETCATALOG_COMPILER_APPICON_NAME = AppIcon;
				ASSETCATALOG_COMPILER_GLOBAL_ACCENT_COLOR_NAME = AccentColor;
				CODE_SIGN_STYLE = Automatic;
				CURRENT_PROJECT_VERSION = 1;
				GENERATE_INFOPLIST_FILE = YES;
				INFOPLIST_FILE = "Pokeapi-MVVM/Info.plist";
				INFOPLIST_KEY_UIApplicationSupportsIndirectInputEvents = YES;
				INFOPLIST_KEY_UILaunchStoryboardName = LaunchScreen;
				INFOPLIST_KEY_UIMainStoryboardFile = Main;
				INFOPLIST_KEY_UISupportedInterfaceOrientations_iPad = "UIInterfaceOrientationPortrait UIInterfaceOrientationPortraitUpsideDown UIInterfaceOrientationLandscapeLeft UIInterfaceOrientationLandscapeRight";
				INFOPLIST_KEY_UISupportedInterfaceOrientations_iPhone = "UIInterfaceOrientationPortrait UIInterfaceOrientationLandscapeLeft UIInterfaceOrientationLandscapeRight";
				LD_RUNPATH_SEARCH_PATHS = (
					"$(inherited)",
					"@executable_path/Frameworks",
				);
				MARKETING_VERSION = 1.0;
				PRODUCT_BUNDLE_IDENTIFIER = "plearn.Pokeapi-MVVM";
				PRODUCT_NAME = "$(TARGET_NAME)";
				SWIFT_EMIT_LOC_STRINGS = YES;
				SWIFT_VERSION = 5.0;
				TARGETED_DEVICE_FAMILY = "1,2";
			};
			name = Release;
		};
/* End XCBuildConfiguration section */

/* Begin XCConfigurationList section */
		36C15DCC29C404C300F5C85D /* Build configuration list for PBXProject "Pokeapi-MVVM" */ = {
			isa = XCConfigurationList;
			buildConfigurations = (
				36C15DE329C404C500F5C85D /* Debug */,
				36C15DE429C404C500F5C85D /* Release */,
			);
			defaultConfigurationIsVisible = 0;
			defaultConfigurationName = Release;
		};
		36C15DE529C404C500F5C85D /* Build configuration list for PBXNativeTarget "Pokeapi-MVVM" */ = {
			isa = XCConfigurationList;
			buildConfigurations = (
				36C15DE629C404C500F5C85D /* Debug */,
				36C15DE729C404C500F5C85D /* Release */,
			);
			defaultConfigurationIsVisible = 0;
			defaultConfigurationName = Release;
		};
/* End XCConfigurationList section */

/* Begin XCRemoteSwiftPackageReference section */
		36C15DFB29C424C000F5C85D /* XCRemoteSwiftPackageReference "SDWebImage" */ = {
			isa = XCRemoteSwiftPackageReference;
			repositoryURL = "https://github.com/SDWebImage/SDWebImage.git";
			requirement = {
				branch = master;
				kind = branch;
			};
		};
/* End XCRemoteSwiftPackageReference section */

/* Begin XCSwiftPackageProductDependency section */
		36C15DFC29C424C000F5C85D /* SDWebImage */ = {
			isa = XCSwiftPackageProductDependency;
			package = 36C15DFB29C424C000F5C85D /* XCRemoteSwiftPackageReference "SDWebImage" */;
			productName = SDWebImage;
		};
/* End XCSwiftPackageProductDependency section */
	};
	rootObject = 36C15DC929C404C300F5C85D /* Project object */;
}
